// !$*UTF8*$!
{
	archiveVersion = 1;
	classes = {
	};
	objectVersion = 56;
	objects = {

/* Begin PBXBuildFile section */
		894236662A47FDC900DF6B7E /* EsteeDesignApp.swift in Sources */ = {isa = PBXBuildFile; fileRef = 894236652A47FDC900DF6B7E /* EsteeDesignApp.swift */; };
		894236682A47FDC900DF6B7E /* ContentView.swift in Sources */ = {isa = PBXBuildFile; fileRef = 894236672A47FDC900DF6B7E /* ContentView.swift */; };
		8942366A2A47FDCB00DF6B7E /* Assets.xcassets in Resources */ = {isa = PBXBuildFile; fileRef = 894236692A47FDCB00DF6B7E /* Assets.xcassets */; };
		8942366D2A47FDCB00DF6B7E /* Preview Assets.xcassets in Resources */ = {isa = PBXBuildFile; fileRef = 8942366C2A47FDCB00DF6B7E /* Preview Assets.xcassets */; };
		894236742A49BF2200DF6B7E /* BrowseProducts.swift in Sources */ = {isa = PBXBuildFile; fileRef = 894236732A49BF2200DF6B7E /* BrowseProducts.swift */; };
		894236762A4A7FEB00DF6B7E /* CleanserPage.swift in Sources */ = {isa = PBXBuildFile; fileRef = 894236752A4A7FEB00DF6B7E /* CleanserPage.swift */; };
		89656F792A4DC228008228E2 /* FacebookCore in Frameworks */ = {isa = PBXBuildFile; productRef = 89656F782A4DC228008228E2 /* FacebookCore */; };
		89656F7B2A4DC228008228E2 /* FacebookGamingServices in Frameworks */ = {isa = PBXBuildFile; productRef = 89656F7A2A4DC228008228E2 /* FacebookGamingServices */; };
		89656F7D2A4DC228008228E2 /* FacebookLogin in Frameworks */ = {isa = PBXBuildFile; productRef = 89656F7C2A4DC228008228E2 /* FacebookLogin */; };
		89656F7F2A4DC228008228E2 /* FacebookShare in Frameworks */ = {isa = PBXBuildFile; productRef = 89656F7E2A4DC228008228E2 /* FacebookShare */; };
/* End PBXBuildFile section */

/* Begin PBXFileReference section */
		894236622A47FDC900DF6B7E /* EsteeDesign.app */ = {isa = PBXFileReference; explicitFileType = wrapper.application; includeInIndex = 0; path = EsteeDesign.app; sourceTree = BUILT_PRODUCTS_DIR; };
		894236652A47FDC900DF6B7E /* EsteeDesignApp.swift */ = {isa = PBXFileReference; lastKnownFileType = sourcecode.swift; path = EsteeDesignApp.swift; sourceTree = "<group>"; };
		894236672A47FDC900DF6B7E /* ContentView.swift */ = {isa = PBXFileReference; lastKnownFileType = sourcecode.swift; path = ContentView.swift; sourceTree = "<group>"; };
		894236692A47FDCB00DF6B7E /* Assets.xcassets */ = {isa = PBXFileReference; lastKnownFileType = folder.assetcatalog; path = Assets.xcassets; sourceTree = "<group>"; };
		8942366C2A47FDCB00DF6B7E /* Preview Assets.xcassets */ = {isa = PBXFileReference; lastKnownFileType = folder.assetcatalog; path = "Preview Assets.xcassets"; sourceTree = "<group>"; };
		894236732A49BF2200DF6B7E /* BrowseProducts.swift */ = {isa = PBXFileReference; lastKnownFileType = sourcecode.swift; path = BrowseProducts.swift; sourceTree = "<group>"; };
		894236752A4A7FEB00DF6B7E /* CleanserPage.swift */ = {isa = PBXFileReference; lastKnownFileType = sourcecode.swift; path = CleanserPage.swift; sourceTree = "<group>"; };
/* End PBXFileReference section */

/* Begin PBXFrameworksBuildPhase section */
		8942365F2A47FDC900DF6B7E /* Frameworks */ = {
			isa = PBXFrameworksBuildPhase;
			buildActionMask = 2147483647;
			files = (
				89656F792A4DC228008228E2 /* FacebookCore in Frameworks */,
				89656F7B2A4DC228008228E2 /* FacebookGamingServices in Frameworks */,
				89656F7F2A4DC228008228E2 /* FacebookShare in Frameworks */,
				89656F7D2A4DC228008228E2 /* FacebookLogin in Frameworks */,
			);
			runOnlyForDeploymentPostprocessing = 0;
		};
/* End PBXFrameworksBuildPhase section */

/* Begin PBXGroup section */
		894236592A47FDC900DF6B7E = {
			isa = PBXGroup;
			children = (
				894236642A47FDC900DF6B7E /* EsteeDesign */,
				894236632A47FDC900DF6B7E /* Products */,
			);
			sourceTree = "<group>";
		};
		894236632A47FDC900DF6B7E /* Products */ = {
			isa = PBXGroup;
			children = (
				894236622A47FDC900DF6B7E /* EsteeDesign.app */,
			);
			name = Products;
			sourceTree = "<group>";
		};
		894236642A47FDC900DF6B7E /* EsteeDesign */ = {
			isa = PBXGroup;
			children = (
				894236652A47FDC900DF6B7E /* EsteeDesignApp.swift */,
				894236672A47FDC900DF6B7E /* ContentView.swift */,
				894236732A49BF2200DF6B7E /* BrowseProducts.swift */,
				894236752A4A7FEB00DF6B7E /* CleanserPage.swift */,
				894236692A47FDCB00DF6B7E /* Assets.xcassets */,
				8942366B2A47FDCB00DF6B7E /* Preview Content */,
			);
			path = EsteeDesign;
			sourceTree = "<group>";
		};
		8942366B2A47FDCB00DF6B7E /* Preview Content */ = {
			isa = PBXGroup;
			children = (
				8942366C2A47FDCB00DF6B7E /* Preview Assets.xcassets */,
			);
			path = "Preview Content";
			sourceTree = "<group>";
		};
/* End PBXGroup section */

/* Begin PBXNativeTarget section */
		894236612A47FDC900DF6B7E /* EsteeDesign */ = {
			isa = PBXNativeTarget;
			buildConfigurationList = 894236702A47FDCB00DF6B7E /* Build configuration list for PBXNativeTarget "EsteeDesign" */;
			buildPhases = (
				8942365E2A47FDC900DF6B7E /* Sources */,
				8942365F2A47FDC900DF6B7E /* Frameworks */,
				894236602A47FDC900DF6B7E /* Resources */,
			);
			buildRules = (
			);
			dependencies = (
			);
			name = EsteeDesign;
			packageProductDependencies = (
				89656F782A4DC228008228E2 /* FacebookCore */,
				89656F7A2A4DC228008228E2 /* FacebookGamingServices */,
				89656F7C2A4DC228008228E2 /* FacebookLogin */,
				89656F7E2A4DC228008228E2 /* FacebookShare */,
			);
			productName = EsteeDesign;
			productReference = 894236622A47FDC900DF6B7E /* EsteeDesign.app */;
			productType = "com.apple.product-type.application";
		};
/* End PBXNativeTarget section */

/* Begin PBXProject section */
		8942365A2A47FDC900DF6B7E /* Project object */ = {
			isa = PBXProject;
			attributes = {
				BuildIndependentTargetsInParallel = 1;
				LastSwiftUpdateCheck = 1410;
				LastUpgradeCheck = 1410;
				TargetAttributes = {
					894236612A47FDC900DF6B7E = {
						CreatedOnToolsVersion = 14.1;
					};
				};
			};
			buildConfigurationList = 8942365D2A47FDC900DF6B7E /* Build configuration list for PBXProject "EsteeDesign" */;
			compatibilityVersion = "Xcode 14.0";
			developmentRegion = en;
			hasScannedForEncodings = 0;
			knownRegions = (
				en,
				Base,
			);
			mainGroup = 894236592A47FDC900DF6B7E;
			packageReferences = (
				89656F772A4DC228008228E2 /* XCRemoteSwiftPackageReference "facebook-ios-sdk" */,
			);
			productRefGroup = 894236632A47FDC900DF6B7E /* Products */;
			projectDirPath = "";
			projectRoot = "";
			targets = (
				894236612A47FDC900DF6B7E /* EsteeDesign */,
			);
		};
/* End PBXProject section */

/* Begin PBXResourcesBuildPhase section */
		894236602A47FDC900DF6B7E /* Resources */ = {
			isa = PBXResourcesBuildPhase;
			buildActionMask = 2147483647;
			files = (
				8942366D2A47FDCB00DF6B7E /* Preview Assets.xcassets in Resources */,
				8942366A2A47FDCB00DF6B7E /* Assets.xcassets in Resources */,
			);
			runOnlyForDeploymentPostprocessing = 0;
		};
/* End PBXResourcesBuildPhase section */

/* Begin PBXSourcesBuildPhase section */
		8942365E2A47FDC900DF6B7E /* Sources */ = {
			isa = PBXSourcesBuildPhase;
			buildActionMask = 2147483647;
			files = (
				894236742A49BF2200DF6B7E /* BrowseProducts.swift in Sources */,
				894236682A47FDC900DF6B7E /* ContentView.swift in Sources */,
				894236662A47FDC900DF6B7E /* EsteeDesignApp.swift in Sources */,
				894236762A4A7FEB00DF6B7E /* CleanserPage.swift in Sources */,
			);
			runOnlyForDeploymentPostprocessing = 0;
		};
/* End PBXSourcesBuildPhase section */

/* Begin XCBuildConfiguration section */
		8942366E2A47FDCB00DF6B7E /* Debug */ = {
			isa = XCBuildConfiguration;
			buildSettings = {
				ALWAYS_SEARCH_USER_PATHS = NO;
				CLANG_ANALYZER_NONNULL = YES;
				CLANG_ANALYZER_NUMBER_OBJECT_CONVERSION = YES_AGGRESSIVE;
				CLANG_CXX_LANGUAGE_STANDARD = "gnu++20";
				CLANG_ENABLE_MODULES = YES;
				CLANG_ENABLE_OBJC_ARC = YES;
				CLANG_ENABLE_OBJC_WEAK = YES;
				CLANG_WARN_BLOCK_CAPTURE_AUTORELEASING = YES;
				CLANG_WARN_BOOL_CONVERSION = YES;
				CLANG_WARN_COMMA = YES;
				CLANG_WARN_CONSTANT_CONVERSION = YES;
				CLANG_WARN_DEPRECATED_OBJC_IMPLEMENTATIONS = YES;
				CLANG_WARN_DIRECT_OBJC_ISA_USAGE = YES_ERROR;
				CLANG_WARN_DOCUMENTATION_COMMENTS = YES;
				CLANG_WARN_EMPTY_BODY = YES;
				CLANG_WARN_ENUM_CONVERSION = YES;
				CLANG_WARN_INFINITE_RECURSION = YES;
				CLANG_WARN_INT_CONVERSION = YES;
				CLANG_WARN_NON_LITERAL_NULL_CONVERSION = YES;
				CLANG_WARN_OBJC_IMPLICIT_RETAIN_SELF = YES;
				CLANG_WARN_OBJC_LITERAL_CONVERSION = YES;
				CLANG_WARN_OBJC_ROOT_CLASS = YES_ERROR;
				CLANG_WARN_QUOTED_INCLUDE_IN_FRAMEWORK_HEADER = YES;
				CLANG_WARN_RANGE_LOOP_ANALYSIS = YES;
				CLANG_WARN_STRICT_PROTOTYPES = YES;
				CLANG_WARN_SUSPICIOUS_MOVE = YES;
				CLANG_WARN_UNGUARDED_AVAILABILITY = YES_AGGRESSIVE;
				CLANG_WARN_UNREACHABLE_CODE = YES;
				CLANG_WARN__DUPLICATE_METHOD_MATCH = YES;
				COPY_PHASE_STRIP = NO;
				DEBUG_INFORMATION_FORMAT = dwarf;
				ENABLE_STRICT_OBJC_MSGSEND = YES;
				ENABLE_TESTABILITY = YES;
				GCC_C_LANGUAGE_STANDARD = gnu11;
				GCC_DYNAMIC_NO_PIC = NO;
				GCC_NO_COMMON_BLOCKS = YES;
				GCC_OPTIMIZATION_LEVEL = 0;
				GCC_PREPROCESSOR_DEFINITIONS = (
					"DEBUG=1",
					"$(inherited)",
				);
				GCC_WARN_64_TO_32_BIT_CONVERSION = YES;
				GCC_WARN_ABOUT_RETURN_TYPE = YES_ERROR;
				GCC_WARN_UNDECLARED_SELECTOR = YES;
				GCC_WARN_UNINITIALIZED_AUTOS = YES_AGGRESSIVE;
				GCC_WARN_UNUSED_FUNCTION = YES;
				GCC_WARN_UNUSED_VARIABLE = YES;
				IPHONEOS_DEPLOYMENT_TARGET = 16.1;
				MTL_ENABLE_DEBUG_INFO = INCLUDE_SOURCE;
				MTL_FAST_MATH = YES;
				ONLY_ACTIVE_ARCH = YES;
				SDKROOT = iphoneos;
				SWIFT_ACTIVE_COMPILATION_CONDITIONS = DEBUG;
				SWIFT_OPTIMIZATION_LEVEL = "-Onone";
			};
			name = Debug;
		};
		8942366F2A47FDCB00DF6B7E /* Release */ = {
			isa = XCBuildConfiguration;
			buildSettings = {
				ALWAYS_SEARCH_USER_PATHS = NO;
				CLANG_ANALYZER_NONNULL = YES;
				CLANG_ANALYZER_NUMBER_OBJECT_CONVERSION = YES_AGGRESSIVE;
				CLANG_CXX_LANGUAGE_STANDARD = "gnu++20";
				CLANG_ENABLE_MODULES = YES;
				CLANG_ENABLE_OBJC_ARC = YES;
				CLANG_ENABLE_OBJC_WEAK = YES;
				CLANG_WARN_BLOCK_CAPTURE_AUTORELEASING = YES;
				CLANG_WARN_BOOL_CONVERSION = YES;
				CLANG_WARN_COMMA = YES;
				CLANG_WARN_CONSTANT_CONVERSION = YES;
				CLANG_WARN_DEPRECATED_OBJC_IMPLEMENTATIONS = YES;
				CLANG_WARN_DIRECT_OBJC_ISA_USAGE = YES_ERROR;
				CLANG_WARN_DOCUMENTATION_COMMENTS = YES;
				CLANG_WARN_EMPTY_BODY = YES;
				CLANG_WARN_ENUM_CONVERSION = YES;
				CLANG_WARN_INFINITE_RECURSION = YES;
				CLANG_WARN_INT_CONVERSION = YES;
				CLANG_WARN_NON_LITERAL_NULL_CONVERSION = YES;
				CLANG_WARN_OBJC_IMPLICIT_RETAIN_SELF = YES;
				CLANG_WARN_OBJC_LITERAL_CONVERSION = YES;
				CLANG_WARN_OBJC_ROOT_CLASS = YES_ERROR;
				CLANG_WARN_QUOTED_INCLUDE_IN_FRAMEWORK_HEADER = YES;
				CLANG_WARN_RANGE_LOOP_ANALYSIS = YES;
				CLANG_WARN_STRICT_PROTOTYPES = YES;
				CLANG_WARN_SUSPICIOUS_MOVE = YES;
				CLANG_WARN_UNGUARDED_AVAILABILITY = YES_AGGRESSIVE;
				CLANG_WARN_UNREACHABLE_CODE = YES;
				CLANG_WARN__DUPLICATE_METHOD_MATCH = YES;
				COPY_PHASE_STRIP = NO;
				DEBUG_INFORMATION_FORMAT = "dwarf-with-dsym";
				ENABLE_NS_ASSERTIONS = NO;
				ENABLE_STRICT_OBJC_MSGSEND = YES;
				GCC_C_LANGUAGE_STANDARD = gnu11;
				GCC_NO_COMMON_BLOCKS = YES;
				GCC_WARN_64_TO_32_BIT_CONVERSION = YES;
				GCC_WARN_ABOUT_RETURN_TYPE = YES_ERROR;
				GCC_WARN_UNDECLARED_SELECTOR = YES;
				GCC_WARN_UNINITIALIZED_AUTOS = YES_AGGRESSIVE;
				GCC_WARN_UNUSED_FUNCTION = YES;
				GCC_WARN_UNUSED_VARIABLE = YES;
				IPHONEOS_DEPLOYMENT_TARGET = 16.1;
				MTL_ENABLE_DEBUG_INFO = NO;
				MTL_FAST_MATH = YES;
				SDKROOT = iphoneos;
				SWIFT_COMPILATION_MODE = wholemodule;
				SWIFT_OPTIMIZATION_LEVEL = "-O";
				VALIDATE_PRODUCT = YES;
			};
			name = Release;
		};
		894236712A47FDCB00DF6B7E /* Debug */ = {
			isa = XCBuildConfiguration;
			buildSettings = {
				ASSETCATALOG_COMPILER_APPICON_NAME = AppIcon;
				ASSETCATALOG_COMPILER_GLOBAL_ACCENT_COLOR_NAME = AccentColor;
				CODE_SIGN_STYLE = Automatic;
				CURRENT_PROJECT_VERSION = 1;
				DEVELOPMENT_ASSET_PATHS = "\"EsteeDesign/Preview Content\"";
				ENABLE_PREVIEWS = YES;
				GENERATE_INFOPLIST_FILE = YES;
				INFOPLIST_KEY_UIApplicationSceneManifest_Generation = YES;
				INFOPLIST_KEY_UIApplicationSupportsIndirectInputEvents = YES;
				INFOPLIST_KEY_UILaunchScreen_Generation = YES;
				INFOPLIST_KEY_UISupportedInterfaceOrientations_iPad = "UIInterfaceOrientationPortrait UIInterfaceOrientationPortraitUpsideDown UIInterfaceOrientationLandscapeLeft UIInterfaceOrientationLandscapeRight";
				INFOPLIST_KEY_UISupportedInterfaceOrientations_iPhone = "UIInterfaceOrientationPortrait UIInterfaceOrientationLandscapeLeft UIInterfaceOrientationLandscapeRight";
				LD_RUNPATH_SEARCH_PATHS = (
					"$(inherited)",
					"@executable_path/Frameworks",
				);
				MARKETING_VERSION = 1.0;
				PRODUCT_BUNDLE_IDENTIFIER = KodeWithKlossy.EsteeDesign;
				PRODUCT_NAME = "$(TARGET_NAME)";
				SWIFT_EMIT_LOC_STRINGS = YES;
				SWIFT_VERSION = 5.0;
				TARGETED_DEVICE_FAMILY = "1,2";
			};
			name = Debug;
		};
		894236722A47FDCB00DF6B7E /* Release */ = {
			isa = XCBuildConfiguration;
			buildSettings = {
				ASSETCATALOG_COMPILER_APPICON_NAME = AppIcon;
				ASSETCATALOG_COMPILER_GLOBAL_ACCENT_COLOR_NAME = AccentColor;
				CODE_SIGN_STYLE = Automatic;
				CURRENT_PROJECT_VERSION = 1;
				DEVELOPMENT_ASSET_PATHS = "\"EsteeDesign/Preview Content\"";
				ENABLE_PREVIEWS = YES;
				GENERATE_INFOPLIST_FILE = YES;
				INFOPLIST_KEY_UIApplicationSceneManifest_Generation = YES;
				INFOPLIST_KEY_UIApplicationSupportsIndirectInputEvents = YES;
				INFOPLIST_KEY_UILaunchScreen_Generation = YES;
				INFOPLIST_KEY_UISupportedInterfaceOrientations_iPad = "UIInterfaceOrientationPortrait UIInterfaceOrientationPortraitUpsideDown UIInterfaceOrientationLandscapeLeft UIInterfaceOrientationLandscapeRight";
				INFOPLIST_KEY_UISupportedInterfaceOrientations_iPhone = "UIInterfaceOrientationPortrait UIInterfaceOrientationLandscapeLeft UIInterfaceOrientationLandscapeRight";
				LD_RUNPATH_SEARCH_PATHS = (
					"$(inherited)",
					"@executable_path/Frameworks",
				);
				MARKETING_VERSION = 1.0;
				PRODUCT_BUNDLE_IDENTIFIER = KodeWithKlossy.EsteeDesign;
				PRODUCT_NAME = "$(TARGET_NAME)";
				SWIFT_EMIT_LOC_STRINGS = YES;
				SWIFT_VERSION = 5.0;
				TARGETED_DEVICE_FAMILY = "1,2";
			};
			name = Release;
		};
/* End XCBuildConfiguration section */

/* Begin XCConfigurationList section */
		8942365D2A47FDC900DF6B7E /* Build configuration list for PBXProject "EsteeDesign" */ = {
			isa = XCConfigurationList;
			buildConfigurations = (
				8942366E2A47FDCB00DF6B7E /* Debug */,
				8942366F2A47FDCB00DF6B7E /* Release */,
			);
			defaultConfigurationIsVisible = 0;
			defaultConfigurationName = Release;
		};
		894236702A47FDCB00DF6B7E /* Build configuration list for PBXNativeTarget "EsteeDesign" */ = {
			isa = XCConfigurationList;
			buildConfigurations = (
				894236712A47FDCB00DF6B7E /* Debug */,
				894236722A47FDCB00DF6B7E /* Release */,
			);
			defaultConfigurationIsVisible = 0;
			defaultConfigurationName = Release;
		};
/* End XCConfigurationList section */

/* Begin XCRemoteSwiftPackageReference section */
		89656F772A4DC228008228E2 /* XCRemoteSwiftPackageReference "facebook-ios-sdk" */ = {
			isa = XCRemoteSwiftPackageReference;
			repositoryURL = "https://github.com/facebook/facebook-ios-sdk";
			requirement = {
				kind = upToNextMajorVersion;
				minimumVersion = 9.0.0;
			};
		};
/* End XCRemoteSwiftPackageReference section */

/* Begin XCSwiftPackageProductDependency section */
		89656F782A4DC228008228E2 /* FacebookCore */ = {
			isa = XCSwiftPackageProductDependency;
			package = 89656F772A4DC228008228E2 /* XCRemoteSwiftPackageReference "facebook-ios-sdk" */;
			productName = FacebookCore;
		};
		89656F7A2A4DC228008228E2 /* FacebookGamingServices */ = {
			isa = XCSwiftPackageProductDependency;
			package = 89656F772A4DC228008228E2 /* XCRemoteSwiftPackageReference "facebook-ios-sdk" */;
			productName = FacebookGamingServices;
		};
		89656F7C2A4DC228008228E2 /* FacebookLogin */ = {
			isa = XCSwiftPackageProductDependency;
			package = 89656F772A4DC228008228E2 /* XCRemoteSwiftPackageReference "facebook-ios-sdk" */;
			productName = FacebookLogin;
		};
		89656F7E2A4DC228008228E2 /* FacebookShare */ = {
			isa = XCSwiftPackageProductDependency;
			package = 89656F772A4DC228008228E2 /* XCRemoteSwiftPackageReference "facebook-ios-sdk" */;
			productName = FacebookShare;
		};
/* End XCSwiftPackageProductDependency section */
	};
	rootObject = 8942365A2A47FDC900DF6B7E /* Project object */;
}
